{
  "name": "conductometria",
  "version": "1.0.0",
  "lockfileVersion": 3,
  "requires": true,
  "packages": {
    "": {
      "name": "conductometria",
      "version": "1.0.0",
      "license": "WTFPL",
      "dependencies": {
        "@allnulled/timeformat": "^1.0.0"
      }
    },
    "node_modules/@allnulled/timeformat": {
      "version": "1.0.0",
      "resolved": "https://registry.npmjs.org/@allnulled/timeformat/-/timeformat-1.0.0.tgz",
      "integrity": "sha512-WPgVCaFTp9BPvRSAqawiKQlQCMOBkYnlnDIFNz+ekzAngZPSi17dWZ3uWt6tzBSC16BmHhbHT/6aLn2wiuO0Vw=="
    }
  }
}
